
Microsoft Visual Studio Solution File, Format Version 12.00
# Visual Studio Version 17
VisualStudioVersion = 17.4.33213.308
MinimumVisualStudioVersion = 10.0.40219.1
Project("{9A19103F-16F7-4668-BE54-9A1E7A4F7556}") = "Cake.Sprinkles.Module", "Cake.Sprinkles.Module\Cake.Sprinkles.Module.csproj", "{3FB14D15-2D37-4461-82C3-879540D29C1A}"
EndProject
Project("{2150E333-8FDC-42A3-9474-1A3956D46DE8}") = "Tests", "Tests", "{54380380-F1CA-4D53-889B-DFDD4FE5AEA5}"
EndProject
Project("{9A19103F-16F7-4668-BE54-9A1E7A4F7556}") = "Cake.Sprinkles.Module.Tests", "Tests\Cake.Sprinkles.Module.Tests\Cake.Sprinkles.Module.Tests.csproj", "{D405FA31-1064-454F-BFD7-BBFDC84334FC}"
EndProject
Project("{2150E333-8FDC-42A3-9474-1A3956D46DE8}") = "Models", "Models", "{98FC2A54-3706-45CF-A84A-897EF934D904}"
EndProject
Project("{9A19103F-16F7-4668-BE54-9A1E7A4F7556}") = "Cake.Sprinkles.Module.Tests.Models", "Tests\Cake.Sprinkles.Module.Tests.Models\Cake.Sprinkles.Module.Tests.Models.csproj", "{10931FE1-80B0-4EA4-A0E8-3FD9C2A371EF}"
EndProject
Global
	GlobalSection(SolutionConfigurationPlatforms) = preSolution
		Debug|Any CPU = Debug|Any CPU
		Release|Any CPU = Release|Any CPU
	EndGlobalSection
	GlobalSection(ProjectConfigurationPlatforms) = postSolution
		{3FB14D15-2D37-4461-82C3-879540D29C1A}.Debug|Any CPU.ActiveCfg = Debug|Any CPU
		{3FB14D15-2D37-4461-82C3-879540D29C1A}.Debug|Any CPU.Build.0 = Debug|Any CPU
		{3FB14D15-2D37-4461-82C3-879540D29C1A}.Release|Any CPU.ActiveCfg = Release|Any CPU
		{3FB14D15-2D37-4461-82C3-879540D29C1A}.Release|Any CPU.Build.0 = Release|Any CPU
		{D405FA31-1064-454F-BFD7-BBFDC84334FC}.Debug|Any CPU.ActiveCfg = Debug|Any CPU
		{D405FA31-1064-454F-BFD7-BBFDC84334FC}.Debug|Any CPU.Build.0 = Debug|Any CPU
		{D405FA31-1064-454F-BFD7-BBFDC84334FC}.Release|Any CPU.ActiveCfg = Release|Any CPU
		{D405FA31-1064-454F-BFD7-BBFDC84334FC}.Release|Any CPU.Build.0 = Release|Any CPU
		{10931FE1-80B0-4EA4-A0E8-3FD9C2A371EF}.Debug|Any CPU.ActiveCfg = Debug|Any CPU
		{10931FE1-80B0-4EA4-A0E8-3FD9C2A371EF}.Debug|Any CPU.Build.0 = Debug|Any CPU
		{10931FE1-80B0-4EA4-A0E8-3FD9C2A371EF}.Release|Any CPU.ActiveCfg = Release|Any CPU
		{10931FE1-80B0-4EA4-A0E8-3FD9C2A371EF}.Release|Any CPU.Build.0 = Release|Any CPU
	EndGlobalSection
	GlobalSection(SolutionProperties) = preSolution
		HideSolutionNode = FALSE
	EndGlobalSection
	GlobalSection(NestedProjects) = preSolution
		{D405FA31-1064-454F-BFD7-BBFDC84334FC} = {54380380-F1CA-4D53-889B-DFDD4FE5AEA5}
		{98FC2A54-3706-45CF-A84A-897EF934D904} = {54380380-F1CA-4D53-889B-DFDD4FE5AEA5}
		{10931FE1-80B0-4EA4-A0E8-3FD9C2A371EF} = {98FC2A54-3706-45CF-A84A-897EF934D904}
	EndGlobalSection
	GlobalSection(ExtensibilityGlobals) = postSolution
		SolutionGuid = {85C871A8-F85F-4CC2-9A8A-10276A7E7DDF}
	EndGlobalSection
EndGlobal
